
Microsoft Visual Studio Solution File, Format Version 12.00
# Visual Studio Version 17
VisualStudioVersion = 17.2.32519.379
MinimumVisualStudioVersion = 10.0.40219.1
Project("{9A19103F-16F7-4668-BE54-9A1E7A4F7556}") = "VTravel.CustomerWeb", "VTravel.CustomerWeb\VTravel.CustomerWeb.csproj", "{31351891-190D-4F9B-97C9-F98B5AD1A151}"
EndProject
Project("{9A19103F-16F7-4668-BE54-9A1E7A4F7556}") = "VTravel.Admin", "VTravel.Admin\VTravel.Admin.csproj", "{2EE659C0-0623-455D-8FCF-DE7EA053899D}"
EndProject
Project("{9A19103F-16F7-4668-BE54-9A1E7A4F7556}") = "VTravel.HostWeb", "VTravel.HostWeb\VTravel.HostWeb.csproj", "{42FFC1A3-4CF0-41B3-A25C-0875338F1D7A}"
EndProject
Project("{9A19103F-16F7-4668-BE54-9A1E7A4F7556}") = "RazorPayConnector", "RazorPayConnector\RazorPayConnector.csproj", "{BC25D0D6-19B7-4729-8BC2-F018A69595CE}"
EndProject
Global
	GlobalSection(SolutionConfigurationPlatforms) = preSolution
		Debug|Any CPU = Debug|Any CPU
		Release|Any CPU = Release|Any CPU
	EndGlobalSection
	GlobalSection(ProjectConfigurationPlatforms) = postSolution
		{31351891-190D-4F9B-97C9-F98B5AD1A151}.Debug|Any CPU.ActiveCfg = Debug|Any CPU
		{31351891-190D-4F9B-97C9-F98B5AD1A151}.Debug|Any CPU.Build.0 = Debug|Any CPU
		{31351891-190D-4F9B-97C9-F98B5AD1A151}.Release|Any CPU.ActiveCfg = Release|Any CPU
		{31351891-190D-4F9B-97C9-F98B5AD1A151}.Release|Any CPU.Build.0 = Release|Any CPU
		{2EE659C0-0623-455D-8FCF-DE7EA053899D}.Debug|Any CPU.ActiveCfg = Debug|Any CPU
		{2EE659C0-0623-455D-8FCF-DE7EA053899D}.Debug|Any CPU.Build.0 = Debug|Any CPU
		{2EE659C0-0623-455D-8FCF-DE7EA053899D}.Release|Any CPU.ActiveCfg = Release|Any CPU
		{2EE659C0-0623-455D-8FCF-DE7EA053899D}.Release|Any CPU.Build.0 = Release|Any CPU
		{42FFC1A3-4CF0-41B3-A25C-0875338F1D7A}.Debug|Any CPU.ActiveCfg = Debug|Any CPU
		{42FFC1A3-4CF0-41B3-A25C-0875338F1D7A}.Debug|Any CPU.Build.0 = Debug|Any CPU
		{42FFC1A3-4CF0-41B3-A25C-0875338F1D7A}.Release|Any CPU.ActiveCfg = Release|Any CPU
		{42FFC1A3-4CF0-41B3-A25C-0875338F1D7A}.Release|Any CPU.Build.0 = Release|Any CPU
		{BC25D0D6-19B7-4729-8BC2-F018A69595CE}.Debug|Any CPU.ActiveCfg = Debug|Any CPU
		{BC25D0D6-19B7-4729-8BC2-F018A69595CE}.Debug|Any CPU.Build.0 = Debug|Any CPU
		{BC25D0D6-19B7-4729-8BC2-F018A69595CE}.Release|Any CPU.ActiveCfg = Release|Any CPU
		{BC25D0D6-19B7-4729-8BC2-F018A69595CE}.Release|Any CPU.Build.0 = Release|Any CPU
	EndGlobalSection
	GlobalSection(SolutionProperties) = preSolution
		HideSolutionNode = FALSE
	EndGlobalSection
	GlobalSection(ExtensibilityGlobals) = postSolution
		SolutionGuid = {4094551C-5D9D-46E8-9177-F2CD4A25687C}
	EndGlobalSection
EndGlobal
