
Microsoft Visual Studio Solution File, Format Version 12.00
# Visual Studio Version 16
VisualStudioVersion = 16.0.30204.135
MinimumVisualStudioVersion = 10.0.40219.1
Project("{9A19103F-16F7-4668-BE54-9A1E7A4F7556}") = "VTravel.Admin", "VTravel.Admin.csproj", "{989454E1-CE6D-4366-8EC4-BC5FC7706B80}"
EndProject
Global
	GlobalSection(SolutionConfigurationPlatforms) = preSolution
		Debug|Any CPU = Debug|Any CPU
		Release|Any CPU = Release|Any CPU
	EndGlobalSection
	GlobalSection(ProjectConfigurationPlatforms) = postSolution
		{989454E1-CE6D-4366-8EC4-BC5FC7706B80}.Debug|Any CPU.ActiveCfg = Debug|Any CPU
		{989454E1-CE6D-4366-8EC4-BC5FC7706B80}.Debug|Any CPU.Build.0 = Debug|Any CPU
		{989454E1-CE6D-4366-8EC4-BC5FC7706B80}.Release|Any CPU.ActiveCfg = Release|Any CPU
		{989454E1-CE6D-4366-8EC4-BC5FC7706B80}.Release|Any CPU.Build.0 = Release|Any CPU
	EndGlobalSection
	GlobalSection(SolutionProperties) = preSolution
		HideSolutionNode = FALSE
	EndGlobalSection
	GlobalSection(ExtensibilityGlobals) = postSolution
		SolutionGuid = {1838956B-CBC7-45E4-9609-9C954E274DF5}
	EndGlobalSection
EndGlobal
